
Microsoft Visual Studio Solution File, Format Version 12.00
# Visual Studio Version 17
VisualStudioVersion = 17.5.002.0
MinimumVisualStudioVersion = 10.0.40219.1
Project("{2150E333-8FDC-42A3-9474-1A3956D46DE8}") = "v3.vite-project", "v3.vite-project", "{3C334069-9973-4C06-AE35-22B4129F9692}"
EndProject
Project("{9A19103F-16F7-4668-BE54-9A1E7A4F7556}") = "BE", "v3.vite-project\BE\BE.csproj", "{B308A8FA-420B-49DA-BC36-4582B4C0E2CC}"
EndProject
Global
	GlobalSection(SolutionConfigurationPlatforms) = preSolution
		Debug|Any CPU = Debug|Any CPU
		Release|Any CPU = Release|Any CPU
	EndGlobalSection
	GlobalSection(ProjectConfigurationPlatforms) = postSolution
		{B308A8FA-420B-49DA-BC36-4582B4C0E2CC}.Debug|Any CPU.ActiveCfg = Debug|Any CPU
		{B308A8FA-420B-49DA-BC36-4582B4C0E2CC}.Debug|Any CPU.Build.0 = Debug|Any CPU
		{B308A8FA-420B-49DA-BC36-4582B4C0E2CC}.Release|Any CPU.ActiveCfg = Release|Any CPU
		{B308A8FA-420B-49DA-BC36-4582B4C0E2CC}.Release|Any CPU.Build.0 = Release|Any CPU
	EndGlobalSection
	GlobalSection(SolutionProperties) = preSolution
		HideSolutionNode = FALSE
	EndGlobalSection
	GlobalSection(NestedProjects) = preSolution
		{B308A8FA-420B-49DA-BC36-4582B4C0E2CC} = {3C334069-9973-4C06-AE35-22B4129F9692}
	EndGlobalSection
	GlobalSection(ExtensibilityGlobals) = postSolution
		SolutionGuid = {54008021-7387-4139-947B-1A4288F0411F}
	EndGlobalSection
EndGlobal
